
Microsoft Visual Studio Solution File, Format Version 12.00
# Visual Studio Version 17
VisualStudioVersion = 17.9.34714.143
MinimumVisualStudioVersion = 10.0.40219.1
Project("{FAE04EC0-301F-11D3-BF4B-00C04F79EFBC}") = "ConsoleApp1", "ConsoleApp1\ConsoleApp1.csproj", "{FF387075-7A05-4961-8F1F-22FC996626A6}"
EndProject
Global
	GlobalSection(SolutionConfigurationPlatforms) = preSolution
		Debug|Any CPU = Debug|Any CPU
		Release|Any CPU = Release|Any CPU
	EndGlobalSection
	GlobalSection(ProjectConfigurationPlatforms) = postSolution
		{FF387075-7A05-4961-8F1F-22FC996626A6}.Debug|Any CPU.ActiveCfg = Debug|Any CPU
		{FF387075-7A05-4961-8F1F-22FC996626A6}.Debug|Any CPU.Build.0 = Debug|Any CPU
		{FF387075-7A05-4961-8F1F-22FC996626A6}.Release|Any CPU.ActiveCfg = Release|Any CPU
		{FF387075-7A05-4961-8F1F-22FC996626A6}.Release|Any CPU.Build.0 = Release|Any CPU
	EndGlobalSection
	GlobalSection(SolutionProperties) = preSolution
		HideSolutionNode = FALSE
	EndGlobalSection
	GlobalSection(ExtensibilityGlobals) = postSolution
		SolutionGuid = {49A4A0BE-BAEB-48E5-9BC9-D02EA6B001D8}
	EndGlobalSection
EndGlobal
